// !$*UTF8*$!
{
	archiveVersion = 1;
	classes = {
	};
	objectVersion = 55;
	objects = {

/* Begin PBXBuildFile section */
		F18495882863DCBC00ADACF0 /* AppDelegate.swift in Sources */ = {isa = PBXBuildFile; fileRef = F18495872863DCBC00ADACF0 /* AppDelegate.swift */; };
		F184958A2863DCBC00ADACF0 /* SceneDelegate.swift in Sources */ = {isa = PBXBuildFile; fileRef = F18495892863DCBC00ADACF0 /* SceneDelegate.swift */; };
		F184958C2863DCBC00ADACF0 /* ViewController.swift in Sources */ = {isa = PBXBuildFile; fileRef = F184958B2863DCBC00ADACF0 /* ViewController.swift */; };
		F184958F2863DCBC00ADACF0 /* Main.storyboard in Resources */ = {isa = PBXBuildFile; fileRef = F184958D2863DCBC00ADACF0 /* Main.storyboard */; };
		F18495912863DCBF00ADACF0 /* Assets.xcassets in Resources */ = {isa = PBXBuildFile; fileRef = F18495902863DCBF00ADACF0 /* Assets.xcassets */; };
		F18495942863DCBF00ADACF0 /* LaunchScreen.storyboard in Resources */ = {isa = PBXBuildFile; fileRef = F18495922863DCBF00ADACF0 /* LaunchScreen.storyboard */; };
		F184959F2863DCBF00ADACF0 /* TodoLIstTests.swift in Sources */ = {isa = PBXBuildFile; fileRef = F184959E2863DCBF00ADACF0 /* TodoLIstTests.swift */; };
		F18495A92863DCBF00ADACF0 /* TodoLIstUITests.swift in Sources */ = {isa = PBXBuildFile; fileRef = F18495A82863DCBF00ADACF0 /* TodoLIstUITests.swift */; };
		F18495AB2863DCBF00ADACF0 /* TodoLIstUITestsLaunchTests.swift in Sources */ = {isa = PBXBuildFile; fileRef = F18495AA2863DCBF00ADACF0 /* TodoLIstUITestsLaunchTests.swift */; };
		F18495B82863EE7500ADACF0 /* TodoItem.swift in Sources */ = {isa = PBXBuildFile; fileRef = F18495B72863EE7500ADACF0 /* TodoItem.swift */; };
/* End PBXBuildFile section */

/* Begin PBXContainerItemProxy section */
		F184959B2863DCBF00ADACF0 /* PBXContainerItemProxy */ = {
			isa = PBXContainerItemProxy;
			containerPortal = F184957C2863DCBC00ADACF0 /* Project object */;
			proxyType = 1;
			remoteGlobalIDString = F18495832863DCBC00ADACF0;
			remoteInfo = TodoLIst;
		};
		F18495A52863DCBF00ADACF0 /* PBXContainerItemProxy */ = {
			isa = PBXContainerItemProxy;
			containerPortal = F184957C2863DCBC00ADACF0 /* Project object */;
			proxyType = 1;
			remoteGlobalIDString = F18495832863DCBC00ADACF0;
			remoteInfo = TodoLIst;
		};
/* End PBXContainerItemProxy section */

/* Begin PBXFileReference section */
		F18495842863DCBC00ADACF0 /* TodoLIst.app */ = {isa = PBXFileReference; explicitFileType = wrapper.application; includeInIndex = 0; path = TodoLIst.app; sourceTree = BUILT_PRODUCTS_DIR; };
		F18495872863DCBC00ADACF0 /* AppDelegate.swift */ = {isa = PBXFileReference; lastKnownFileType = sourcecode.swift; path = AppDelegate.swift; sourceTree = "<group>"; };
		F18495892863DCBC00ADACF0 /* SceneDelegate.swift */ = {isa = PBXFileReference; lastKnownFileType = sourcecode.swift; path = SceneDelegate.swift; sourceTree = "<group>"; };
		F184958B2863DCBC00ADACF0 /* ViewController.swift */ = {isa = PBXFileReference; lastKnownFileType = sourcecode.swift; path = ViewController.swift; sourceTree = "<group>"; };
		F184958E2863DCBC00ADACF0 /* Base */ = {isa = PBXFileReference; lastKnownFileType = file.storyboard; name = Base; path = Base.lproj/Main.storyboard; sourceTree = "<group>"; };
		F18495902863DCBF00ADACF0 /* Assets.xcassets */ = {isa = PBXFileReference; lastKnownFileType = folder.assetcatalog; path = Assets.xcassets; sourceTree = "<group>"; };
		F18495932863DCBF00ADACF0 /* Base */ = {isa = PBXFileReference; lastKnownFileType = file.storyboard; name = Base; path = Base.lproj/LaunchScreen.storyboard; sourceTree = "<group>"; };
		F18495952863DCBF00ADACF0 /* Info.plist */ = {isa = PBXFileReference; lastKnownFileType = text.plist.xml; path = Info.plist; sourceTree = "<group>"; };
		F184959A2863DCBF00ADACF0 /* TodoLIstTests.xctest */ = {isa = PBXFileReference; explicitFileType = wrapper.cfbundle; includeInIndex = 0; path = TodoLIstTests.xctest; sourceTree = BUILT_PRODUCTS_DIR; };
		F184959E2863DCBF00ADACF0 /* TodoLIstTests.swift */ = {isa = PBXFileReference; lastKnownFileType = sourcecode.swift; path = TodoLIstTests.swift; sourceTree = "<group>"; };
		F18495A42863DCBF00ADACF0 /* TodoLIstUITests.xctest */ = {isa = PBXFileReference; explicitFileType = wrapper.cfbundle; includeInIndex = 0; path = TodoLIstUITests.xctest; sourceTree = BUILT_PRODUCTS_DIR; };
		F18495A82863DCBF00ADACF0 /* TodoLIstUITests.swift */ = {isa = PBXFileReference; lastKnownFileType = sourcecode.swift; path = TodoLIstUITests.swift; sourceTree = "<group>"; };
		F18495AA2863DCBF00ADACF0 /* TodoLIstUITestsLaunchTests.swift */ = {isa = PBXFileReference; lastKnownFileType = sourcecode.swift; path = TodoLIstUITestsLaunchTests.swift; sourceTree = "<group>"; };
		F18495B72863EE7500ADACF0 /* TodoItem.swift */ = {isa = PBXFileReference; lastKnownFileType = sourcecode.swift; path = TodoItem.swift; sourceTree = "<group>"; };
/* End PBXFileReference section */

/* Begin PBXFrameworksBuildPhase section */
		F18495812863DCBC00ADACF0 /* Frameworks */ = {
			isa = PBXFrameworksBuildPhase;
			buildActionMask = 2147483647;
			files = (
			);
			runOnlyForDeploymentPostprocessing = 0;
		};
		F18495972863DCBF00ADACF0 /* Frameworks */ = {
			isa = PBXFrameworksBuildPhase;
			buildActionMask = 2147483647;
			files = (
			);
			runOnlyForDeploymentPostprocessing = 0;
		};
		F18495A12863DCBF00ADACF0 /* Frameworks */ = {
			isa = PBXFrameworksBuildPhase;
			buildActionMask = 2147483647;
			files = (
			);
			runOnlyForDeploymentPostprocessing = 0;
		};
/* End PBXFrameworksBuildPhase section */

/* Begin PBXGroup section */
		F184957B2863DCBC00ADACF0 = {
			isa = PBXGroup;
			children = (
				F18495862863DCBC00ADACF0 /* TodoLIst */,
				F184959D2863DCBF00ADACF0 /* TodoLIstTests */,
				F18495A72863DCBF00ADACF0 /* TodoLIstUITests */,
				F18495852863DCBC00ADACF0 /* Products */,
			);
			sourceTree = "<group>";
		};
		F18495852863DCBC00ADACF0 /* Products */ = {
			isa = PBXGroup;
			children = (
				F18495842863DCBC00ADACF0 /* TodoLIst.app */,
				F184959A2863DCBF00ADACF0 /* TodoLIstTests.xctest */,
				F18495A42863DCBF00ADACF0 /* TodoLIstUITests.xctest */,
			);
			name = Products;
			sourceTree = "<group>";
		};
		F18495862863DCBC00ADACF0 /* TodoLIst */ = {
			isa = PBXGroup;
			children = (
				F18495872863DCBC00ADACF0 /* AppDelegate.swift */,
				F18495892863DCBC00ADACF0 /* SceneDelegate.swift */,
				F184958B2863DCBC00ADACF0 /* ViewController.swift */,
				F18495B72863EE7500ADACF0 /* TodoItem.swift */,
				F184958D2863DCBC00ADACF0 /* Main.storyboard */,
				F18495902863DCBF00ADACF0 /* Assets.xcassets */,
				F18495922863DCBF00ADACF0 /* LaunchScreen.storyboard */,
				F18495952863DCBF00ADACF0 /* Info.plist */,
			);
			path = TodoLIst;
			sourceTree = "<group>";
		};
		F184959D2863DCBF00ADACF0 /* TodoLIstTests */ = {
			isa = PBXGroup;
			children = (
				F184959E2863DCBF00ADACF0 /* TodoLIstTests.swift */,
			);
			path = TodoLIstTests;
			sourceTree = "<group>";
		};
		F18495A72863DCBF00ADACF0 /* TodoLIstUITests */ = {
			isa = PBXGroup;
			children = (
				F18495A82863DCBF00ADACF0 /* TodoLIstUITests.swift */,
				F18495AA2863DCBF00ADACF0 /* TodoLIstUITestsLaunchTests.swift */,
			);
			path = TodoLIstUITests;
			sourceTree = "<group>";
		};
/* End PBXGroup section */

/* Begin PBXNativeTarget section */
		F18495832863DCBC00ADACF0 /* TodoLIst */ = {
			isa = PBXNativeTarget;
			buildConfigurationList = F18495AE2863DCBF00ADACF0 /* Build configuration list for PBXNativeTarget "TodoLIst" */;
			buildPhases = (
				F18495802863DCBC00ADACF0 /* Sources */,
				F18495812863DCBC00ADACF0 /* Frameworks */,
				F18495822863DCBC00ADACF0 /* Resources */,
			);
			buildRules = (
			);
			dependencies = (
			);
			name = TodoLIst;
			productName = TodoLIst;
			productReference = F18495842863DCBC00ADACF0 /* TodoLIst.app */;
			productType = "com.apple.product-type.application";
		};
		F18495992863DCBF00ADACF0 /* TodoLIstTests */ = {
			isa = PBXNativeTarget;
			buildConfigurationList = F18495B12863DCBF00ADACF0 /* Build configuration list for PBXNativeTarget "TodoLIstTests" */;
			buildPhases = (
				F18495962863DCBF00ADACF0 /* Sources */,
				F18495972863DCBF00ADACF0 /* Frameworks */,
				F18495982863DCBF00ADACF0 /* Resources */,
			);
			buildRules = (
			);
			dependencies = (
				F184959C2863DCBF00ADACF0 /* PBXTargetDependency */,
			);
			name = TodoLIstTests;
			productName = TodoLIstTests;
			productReference = F184959A2863DCBF00ADACF0 /* TodoLIstTests.xctest */;
			productType = "com.apple.product-type.bundle.unit-test";
		};
		F18495A32863DCBF00ADACF0 /* TodoLIstUITests */ = {
			isa = PBXNativeTarget;
			buildConfigurationList = F18495B42863DCBF00ADACF0 /* Build configuration list for PBXNativeTarget "TodoLIstUITests" */;
			buildPhases = (
				F18495A02863DCBF00ADACF0 /* Sources */,
				F18495A12863DCBF00ADACF0 /* Frameworks */,
				F18495A22863DCBF00ADACF0 /* Resources */,
			);
			buildRules = (
			);
			dependencies = (
				F18495A62863DCBF00ADACF0 /* PBXTargetDependency */,
			);
			name = TodoLIstUITests;
			productName = TodoLIstUITests;
			productReference = F18495A42863DCBF00ADACF0 /* TodoLIstUITests.xctest */;
			productType = "com.apple.product-type.bundle.ui-testing";
		};
/* End PBXNativeTarget section */

/* Begin PBXProject section */
		F184957C2863DCBC00ADACF0 /* Project object */ = {
			isa = PBXProject;
			attributes = {
				BuildIndependentTargetsInParallel = 1;
				LastSwiftUpdateCheck = 1340;
				LastUpgradeCheck = 1340;
				TargetAttributes = {
					F18495832863DCBC00ADACF0 = {
						CreatedOnToolsVersion = 13.4.1;
					};
					F18495992863DCBF00ADACF0 = {
						CreatedOnToolsVersion = 13.4.1;
						TestTargetID = F18495832863DCBC00ADACF0;
					};
					F18495A32863DCBF00ADACF0 = {
						CreatedOnToolsVersion = 13.4.1;
						TestTargetID = F18495832863DCBC00ADACF0;
					};
				};
			};
			buildConfigurationList = F184957F2863DCBC00ADACF0 /* Build configuration list for PBXProject "TodoLIst" */;
			compatibilityVersion = "Xcode 13.0";
			developmentRegion = en;
			hasScannedForEncodings = 0;
			knownRegions = (
				en,
				Base,
			);
			mainGroup = F184957B2863DCBC00ADACF0;
			productRefGroup = F18495852863DCBC00ADACF0 /* Products */;
			projectDirPath = "";
			projectRoot = "";
			targets = (
				F18495832863DCBC00ADACF0 /* TodoLIst */,
				F18495992863DCBF00ADACF0 /* TodoLIstTests */,
				F18495A32863DCBF00ADACF0 /* TodoLIstUITests */,
			);
		};
/* End PBXProject section */

/* Begin PBXResourcesBuildPhase section */
		F18495822863DCBC00ADACF0 /* Resources */ = {
			isa = PBXResourcesBuildPhase;
			buildActionMask = 2147483647;
			files = (
				F18495942863DCBF00ADACF0 /* LaunchScreen.storyboard in Resources */,
				F18495912863DCBF00ADACF0 /* Assets.xcassets in Resources */,
				F184958F2863DCBC00ADACF0 /* Main.storyboard in Resources */,
			);
			runOnlyForDeploymentPostprocessing = 0;
		};
		F18495982863DCBF00ADACF0 /* Resources */ = {
			isa = PBXResourcesBuildPhase;
			buildActionMask = 2147483647;
			files = (
			);
			runOnlyForDeploymentPostprocessing = 0;
		};
		F18495A22863DCBF00ADACF0 /* Resources */ = {
			isa = PBXResourcesBuildPhase;
			buildActionMask = 2147483647;
			files = (
			);
			runOnlyForDeploymentPostprocessing = 0;
		};
/* End PBXResourcesBuildPhase section */

/* Begin PBXSourcesBuildPhase section */
		F18495802863DCBC00ADACF0 /* Sources */ = {
			isa = PBXSourcesBuildPhase;
			buildActionMask = 2147483647;
			files = (
				F184958C2863DCBC00ADACF0 /* ViewController.swift in Sources */,
				F18495882863DCBC00ADACF0 /* AppDelegate.swift in Sources */,
				F18495B82863EE7500ADACF0 /* TodoItem.swift in Sources */,
				F184958A2863DCBC00ADACF0 /* SceneDelegate.swift in Sources */,
			);
			runOnlyForDeploymentPostprocessing = 0;
		};
		F18495962863DCBF00ADACF0 /* Sources */ = {
			isa = PBXSourcesBuildPhase;
			buildActionMask = 2147483647;
			files = (
				F184959F2863DCBF00ADACF0 /* TodoLIstTests.swift in Sources */,
			);
			runOnlyForDeploymentPostprocessing = 0;
		};
		F18495A02863DCBF00ADACF0 /* Sources */ = {
			isa = PBXSourcesBuildPhase;
			buildActionMask = 2147483647;
			files = (
				F18495AB2863DCBF00ADACF0 /* TodoLIstUITestsLaunchTests.swift in Sources */,
				F18495A92863DCBF00ADACF0 /* TodoLIstUITests.swift in Sources */,
			);
			runOnlyForDeploymentPostprocessing = 0;
		};
/* End PBXSourcesBuildPhase section */

/* Begin PBXTargetDependency section */
		F184959C2863DCBF00ADACF0 /* PBXTargetDependency */ = {
			isa = PBXTargetDependency;
			target = F18495832863DCBC00ADACF0 /* TodoLIst */;
			targetProxy = F184959B2863DCBF00ADACF0 /* PBXContainerItemProxy */;
		};
		F18495A62863DCBF00ADACF0 /* PBXTargetDependency */ = {
			isa = PBXTargetDependency;
			target = F18495832863DCBC00ADACF0 /* TodoLIst */;
			targetProxy = F18495A52863DCBF00ADACF0 /* PBXContainerItemProxy */;
		};
/* End PBXTargetDependency section */

/* Begin PBXVariantGroup section */
		F184958D2863DCBC00ADACF0 /* Main.storyboard */ = {
			isa = PBXVariantGroup;
			children = (
				F184958E2863DCBC00ADACF0 /* Base */,
			);
			name = Main.storyboard;
			sourceTree = "<group>";
		};
		F18495922863DCBF00ADACF0 /* LaunchScreen.storyboard */ = {
			isa = PBXVariantGroup;
			children = (
				F18495932863DCBF00ADACF0 /* Base */,
			);
			name = LaunchScreen.storyboard;
			sourceTree = "<group>";
		};
/* End PBXVariantGroup section */

/* Begin XCBuildConfiguration section */
		F18495AC2863DCBF00ADACF0 /* Debug */ = {
			isa = XCBuildConfiguration;
			buildSettings = {
				ALWAYS_SEARCH_USER_PATHS = NO;
				CLANG_ANALYZER_NONNULL = YES;
				CLANG_ANALYZER_NUMBER_OBJECT_CONVERSION = YES_AGGRESSIVE;
				CLANG_CXX_LANGUAGE_STANDARD = "gnu++17";
				CLANG_ENABLE_MODULES = YES;
				CLANG_ENABLE_OBJC_ARC = YES;
				CLANG_ENABLE_OBJC_WEAK = YES;
				CLANG_WARN_BLOCK_CAPTURE_AUTORELEASING = YES;
				CLANG_WARN_BOOL_CONVERSION = YES;
				CLANG_WARN_COMMA = YES;
				CLANG_WARN_CONSTANT_CONVERSION = YES;
				CLANG_WARN_DEPRECATED_OBJC_IMPLEMENTATIONS = YES;
				CLANG_WARN_DIRECT_OBJC_ISA_USAGE = YES_ERROR;
				CLANG_WARN_DOCUMENTATION_COMMENTS = YES;
				CLANG_WARN_EMPTY_BODY = YES;
				CLANG_WARN_ENUM_CONVERSION = YES;
				CLANG_WARN_INFINITE_RECURSION = YES;
				CLANG_WARN_INT_CONVERSION = YES;
				CLANG_WARN_NON_LITERAL_NULL_CONVERSION = YES;
				CLANG_WARN_OBJC_IMPLICIT_RETAIN_SELF = YES;
				CLANG_WARN_OBJC_LITERAL_CONVERSION = YES;
				CLANG_WARN_OBJC_ROOT_CLASS = YES_ERROR;
				CLANG_WARN_QUOTED_INCLUDE_IN_FRAMEWORK_HEADER = YES;
				CLANG_WARN_RANGE_LOOP_ANALYSIS = YES;
				CLANG_WARN_STRICT_PROTOTYPES = YES;
				CLANG_WARN_SUSPICIOUS_MOVE = YES;
				CLANG_WARN_UNGUARDED_AVAILABILITY = YES_AGGRESSIVE;
				CLANG_WARN_UNREACHABLE_CODE = YES;
				CLANG_WARN__DUPLICATE_METHOD_MATCH = YES;
				COPY_PHASE_STRIP = NO;
				DEBUG_INFORMATION_FORMAT = dwarf;
				ENABLE_STRICT_OBJC_MSGSEND = YES;
				ENABLE_TESTABILITY = YES;
				GCC_C_LANGUAGE_STANDARD = gnu11;
				GCC_DYNAMIC_NO_PIC = NO;
				GCC_NO_COMMON_BLOCKS = YES;
				GCC_OPTIMIZATION_LEVEL = 0;
				GCC_PREPROCESSOR_DEFINITIONS = (
					"DEBUG=1",
					"$(inherited)",
				);
				GCC_WARN_64_TO_32_BIT_CONVERSION = YES;
				GCC_WARN_ABOUT_RETURN_TYPE = YES_ERROR;
				GCC_WARN_UNDECLARED_SELECTOR = YES;
				GCC_WARN_UNINITIALIZED_AUTOS = YES_AGGRESSIVE;
				GCC_WARN_UNUSED_FUNCTION = YES;
				GCC_WARN_UNUSED_VARIABLE = YES;
				IPHONEOS_DEPLOYMENT_TARGET = 15.5;
				MTL_ENABLE_DEBUG_INFO = INCLUDE_SOURCE;
				MTL_FAST_MATH = YES;
				ONLY_ACTIVE_ARCH = YES;
				SDKROOT = iphoneos;
				SWIFT_ACTIVE_COMPILATION_CONDITIONS = DEBUG;
				SWIFT_OPTIMIZATION_LEVEL = "-Onone";
			};
			name = Debug;
		};
		F18495AD2863DCBF00ADACF0 /* Release */ = {
			isa = XCBuildConfiguration;
			buildSettings = {
				ALWAYS_SEARCH_USER_PATHS = NO;
				CLANG_ANALYZER_NONNULL = YES;
				CLANG_ANALYZER_NUMBER_OBJECT_CONVERSION = YES_AGGRESSIVE;
				CLANG_CXX_LANGUAGE_STANDARD = "gnu++17";
				CLANG_ENABLE_MODULES = YES;
				CLANG_ENABLE_OBJC_ARC = YES;
				CLANG_ENABLE_OBJC_WEAK = YES;
				CLANG_WARN_BLOCK_CAPTURE_AUTORELEASING = YES;
				CLANG_WARN_BOOL_CONVERSION = YES;
				CLANG_WARN_COMMA = YES;
				CLANG_WARN_CONSTANT_CONVERSION = YES;
				CLANG_WARN_DEPRECATED_OBJC_IMPLEMENTATIONS = YES;
				CLANG_WARN_DIRECT_OBJC_ISA_USAGE = YES_ERROR;
				CLANG_WARN_DOCUMENTATION_COMMENTS = YES;
				CLANG_WARN_EMPTY_BODY = YES;
				CLANG_WARN_ENUM_CONVERSION = YES;
				CLANG_WARN_INFINITE_RECURSION = YES;
				CLANG_WARN_INT_CONVERSION = YES;
				CLANG_WARN_NON_LITERAL_NULL_CONVERSION = YES;
				CLANG_WARN_OBJC_IMPLICIT_RETAIN_SELF = YES;
				CLANG_WARN_OBJC_LITERAL_CONVERSION = YES;
				CLANG_WARN_OBJC_ROOT_CLASS = YES_ERROR;
				CLANG_WARN_QUOTED_INCLUDE_IN_FRAMEWORK_HEADER = YES;
				CLANG_WARN_RANGE_LOOP_ANALYSIS = YES;
				CLANG_WARN_STRICT_PROTOTYPES = YES;
				CLANG_WARN_SUSPICIOUS_MOVE = YES;
				CLANG_WARN_UNGUARDED_AVAILABILITY = YES_AGGRESSIVE;
				CLANG_WARN_UNREACHABLE_CODE = YES;
				CLANG_WARN__DUPLICATE_METHOD_MATCH = YES;
				COPY_PHASE_STRIP = NO;
				DEBUG_INFORMATION_FORMAT = "dwarf-with-dsym";
				ENABLE_NS_ASSERTIONS = NO;
				ENABLE_STRICT_OBJC_MSGSEND = YES;
				GCC_C_LANGUAGE_STANDARD = gnu11;
				GCC_NO_COMMON_BLOCKS = YES;
				GCC_WARN_64_TO_32_BIT_CONVERSION = YES;
				GCC_WARN_ABOUT_RETURN_TYPE = YES_ERROR;
				GCC_WARN_UNDECLARED_SELECTOR = YES;
				GCC_WARN_UNINITIALIZED_AUTOS = YES_AGGRESSIVE;
				GCC_WARN_UNUSED_FUNCTION = YES;
				GCC_WARN_UNUSED_VARIABLE = YES;
				IPHONEOS_DEPLOYMENT_TARGET = 15.5;
				MTL_ENABLE_DEBUG_INFO = NO;
				MTL_FAST_MATH = YES;
				SDKROOT = iphoneos;
				SWIFT_COMPILATION_MODE = wholemodule;
				SWIFT_OPTIMIZATION_LEVEL = "-O";
				VALIDATE_PRODUCT = YES;
			};
			name = Release;
		};
		F18495AF2863DCBF00ADACF0 /* Debug */ = {
			isa = XCBuildConfiguration;
			buildSettings = {
				ASSETCATALOG_COMPILER_APPICON_NAME = AppIcon;
				ASSETCATALOG_COMPILER_GLOBAL_ACCENT_COLOR_NAME = AccentColor;
				CODE_SIGN_STYLE = Automatic;
				CURRENT_PROJECT_VERSION = 1;
				DEVELOPMENT_TEAM = M3J44TXP2P;
				GENERATE_INFOPLIST_FILE = YES;
				INFOPLIST_FILE = TodoLIst/Info.plist;
				INFOPLIST_KEY_UIApplicationSupportsIndirectInputEvents = YES;
				INFOPLIST_KEY_UILaunchStoryboardName = LaunchScreen;
				INFOPLIST_KEY_UIMainStoryboardFile = Main;
				INFOPLIST_KEY_UISupportedInterfaceOrientations_iPad = "UIInterfaceOrientationPortrait UIInterfaceOrientationPortraitUpsideDown UIInterfaceOrientationLandscapeLeft UIInterfaceOrientationLandscapeRight";
				INFOPLIST_KEY_UISupportedInterfaceOrientations_iPhone = "UIInterfaceOrientationPortrait UIInterfaceOrientationLandscapeLeft UIInterfaceOrientationLandscapeRight";
				LD_RUNPATH_SEARCH_PATHS = (
					"$(inherited)",
					"@executable_path/Frameworks",
				);
				MARKETING_VERSION = 1.0;
				PRODUCT_BUNDLE_IDENTIFIER = br.com.Caiothom.TodoLIst;
				PRODUCT_NAME = "$(TARGET_NAME)";
				SWIFT_EMIT_LOC_STRINGS = YES;
				SWIFT_VERSION = 5.0;
				TARGETED_DEVICE_FAMILY = "1,2";
			};
			name = Debug;
		};
		F18495B02863DCBF00ADACF0 /* Release */ = {
			isa = XCBuildConfiguration;
			buildSettings = {
				ASSETCATALOG_COMPILER_APPICON_NAME = AppIcon;
				ASSETCATALOG_COMPILER_GLOBAL_ACCENT_COLOR_NAME = AccentColor;
				CODE_SIGN_STYLE = Automatic;
				CURRENT_PROJECT_VERSION = 1;
				DEVELOPMENT_TEAM = M3J44TXP2P;
				GENERATE_INFOPLIST_FILE = YES;
				INFOPLIST_FILE = TodoLIst/Info.plist;
				INFOPLIST_KEY_UIApplicationSupportsIndirectInputEvents = YES;
				INFOPLIST_KEY_UILaunchStoryboardName = LaunchScreen;
				INFOPLIST_KEY_UIMainStoryboardFile = Main;
				INFOPLIST_KEY_UISupportedInterfaceOrientations_iPad = "UIInterfaceOrientationPortrait UIInterfaceOrientationPortraitUpsideDown UIInterfaceOrientationLandscapeLeft UIInterfaceOrientationLandscapeRight";
				INFOPLIST_KEY_UISupportedInterfaceOrientations_iPhone = "UIInterfaceOrientationPortrait UIInterfaceOrientationLandscapeLeft UIInterfaceOrientationLandscapeRight";
				LD_RUNPATH_SEARCH_PATHS = (
					"$(inherited)",
					"@executable_path/Frameworks",
				);
				MARKETING_VERSION = 1.0;
				PRODUCT_BUNDLE_IDENTIFIER = br.com.Caiothom.TodoLIst;
				PRODUCT_NAME = "$(TARGET_NAME)";
				SWIFT_EMIT_LOC_STRINGS = YES;
				SWIFT_VERSION = 5.0;
				TARGETED_DEVICE_FAMILY = "1,2";
			};
			name = Release;
		};
		F18495B22863DCBF00ADACF0 /* Debug */ = {
			isa = XCBuildConfiguration;
			buildSettings = {
				ALWAYS_EMBED_SWIFT_STANDARD_LIBRARIES = YES;
				BUNDLE_LOADER = "$(TEST_HOST)";
				CODE_SIGN_STYLE = Automatic;
				CURRENT_PROJECT_VERSION = 1;
				DEVELOPMENT_TEAM = M3J44TXP2P;
				GENERATE_INFOPLIST_FILE = YES;
				IPHONEOS_DEPLOYMENT_TARGET = 15.5;
				MARKETING_VERSION = 1.0;
				PRODUCT_BUNDLE_IDENTIFIER = br.com.Caiothom.TodoLIstTests;
				PRODUCT_NAME = "$(TARGET_NAME)";
				SWIFT_EMIT_LOC_STRINGS = NO;
				SWIFT_VERSION = 5.0;
				TARGETED_DEVICE_FAMILY = "1,2";
				TEST_HOST = "$(BUILT_PRODUCTS_DIR)/TodoLIst.app/TodoLIst";
			};
			name = Debug;
		};
		F18495B32863DCBF00ADACF0 /* Release */ = {
			isa = XCBuildConfiguration;
			buildSettings = {
				ALWAYS_EMBED_SWIFT_STANDARD_LIBRARIES = YES;
				BUNDLE_LOADER = "$(TEST_HOST)";
				CODE_SIGN_STYLE = Automatic;
				CURRENT_PROJECT_VERSION = 1;
				DEVELOPMENT_TEAM = M3J44TXP2P;
				GENERATE_INFOPLIST_FILE = YES;
				IPHONEOS_DEPLOYMENT_TARGET = 15.5;
				MARKETING_VERSION = 1.0;
				PRODUCT_BUNDLE_IDENTIFIER = br.com.Caiothom.TodoLIstTests;
				PRODUCT_NAME = "$(TARGET_NAME)";
				SWIFT_EMIT_LOC_STRINGS = NO;
				SWIFT_VERSION = 5.0;
				TARGETED_DEVICE_FAMILY = "1,2";
				TEST_HOST = "$(BUILT_PRODUCTS_DIR)/TodoLIst.app/TodoLIst";
			};
			name = Release;
		};
		F18495B52863DCBF00ADACF0 /* Debug */ = {
			isa = XCBuildConfiguration;
			buildSettings = {
				ALWAYS_EMBED_SWIFT_STANDARD_LIBRARIES = YES;
				CODE_SIGN_STYLE = Automatic;
				CURRENT_PROJECT_VERSION = 1;
				DEVELOPMENT_TEAM = M3J44TXP2P;
				GENERATE_INFOPLIST_FILE = YES;
				MARKETING_VERSION = 1.0;
				PRODUCT_BUNDLE_IDENTIFIER = br.com.Caiothom.TodoLIstUITests;
				PRODUCT_NAME = "$(TARGET_NAME)";
				SWIFT_EMIT_LOC_STRINGS = NO;
				SWIFT_VERSION = 5.0;
				TARGETED_DEVICE_FAMILY = "1,2";
				TEST_TARGET_NAME = TodoLIst;
			};
			name = Debug;
		};
		F18495B62863DCBF00ADACF0 /* Release */ = {
			isa = XCBuildConfiguration;
			buildSettings = {
				ALWAYS_EMBED_SWIFT_STANDARD_LIBRARIES = YES;
				CODE_SIGN_STYLE = Automatic;
				CURRENT_PROJECT_VERSION = 1;
				DEVELOPMENT_TEAM = M3J44TXP2P;
				GENERATE_INFOPLIST_FILE = YES;
				MARKETING_VERSION = 1.0;
				PRODUCT_BUNDLE_IDENTIFIER = br.com.Caiothom.TodoLIstUITests;
				PRODUCT_NAME = "$(TARGET_NAME)";
				SWIFT_EMIT_LOC_STRINGS = NO;
				SWIFT_VERSION = 5.0;
				TARGETED_DEVICE_FAMILY = "1,2";
				TEST_TARGET_NAME = TodoLIst;
			};
			name = Release;
		};
/* End XCBuildConfiguration section */

/* Begin XCConfigurationList section */
		F184957F2863DCBC00ADACF0 /* Build configuration list for PBXProject "TodoLIst" */ = {
			isa = XCConfigurationList;
			buildConfigurations = (
				F18495AC2863DCBF00ADACF0 /* Debug */,
				F18495AD2863DCBF00ADACF0 /* Release */,
			);
			defaultConfigurationIsVisible = 0;
			defaultConfigurationName = Release;
		};
		F18495AE2863DCBF00ADACF0 /* Build configuration list for PBXNativeTarget "TodoLIst" */ = {
			isa = XCConfigurationList;
			buildConfigurations = (
				F18495AF2863DCBF00ADACF0 /* Debug */,
				F18495B02863DCBF00ADACF0 /* Release */,
			);
			defaultConfigurationIsVisible = 0;
			defaultConfigurationName = Release;
		};
		F18495B12863DCBF00ADACF0 /* Build configuration list for PBXNativeTarget "TodoLIstTests" */ = {
			isa = XCConfigurationList;
			buildConfigurations = (
				F18495B22863DCBF00ADACF0 /* Debug */,
				F18495B32863DCBF00ADACF0 /* Release */,
			);
			defaultConfigurationIsVisible = 0;
			defaultConfigurationName = Release;
		};
		F18495B42863DCBF00ADACF0 /* Build configuration list for PBXNativeTarget "TodoLIstUITests" */ = {
			isa = XCConfigurationList;
			buildConfigurations = (
				F18495B52863DCBF00ADACF0 /* Debug */,
				F18495B62863DCBF00ADACF0 /* Release */,
			);
			defaultConfigurationIsVisible = 0;
			defaultConfigurationName = Release;
		};
/* End XCConfigurationList section */
	};
	rootObject = F184957C2863DCBC00ADACF0 /* Project object */;
}
